{
  "version": 4,
  "terraform_version": "1.4.6",
  "serial": 32,
  "lineage": "0dc34d26-b459-2999-1869-00e8cd68f8f5",
  "outputs": {},
  "resources": [
    {
      "mode": "data",
      "type": "azuread_client_config",
      "name": "current",
      "provider": "provider[\"registry.terraform.io/hashicorp/azuread\"]",
      "instances": [
        {
          "schema_version": 0,
          "attributes": {
            "client_id": "04b07795-8ddb-461a-bbee-02f9e1bf7b46",
            "id": "69423c92-4ee1-423d-b653-368367288255-04b07795-8ddb-461a-bbee-02f9e1bf7b46-1524371c-714a-4115-be0c-d0506f7fa5b9",
            "object_id": "1524371c-714a-4115-be0c-d0506f7fa5b9",
            "tenant_id": "69423c92-4ee1-423d-b653-368367288255",
            "timeouts": null
          },
          "sensitive_attributes": []
        }
      ]
    },
    {
      "mode": "data",
      "type": "azurerm_subscription",
      "name": "current",
      "provider": "provider[\"registry.terraform.io/hashicorp/azurerm\"]",
      "instances": [
        {
          "schema_version": 0,
          "attributes": {
            "display_name": "Visual Studio Enterprise Subscription",
            "id": "/subscriptions/50bc6626-cc4a-472c-9465-eb0eb6eb9f55",
            "location_placement_id": "Public_2014-09-01",
            "quota_id": "MSDN_2014-09-01",
            "spending_limit": "On",
            "state": "Enabled",
            "subscription_id": "50bc6626-cc4a-472c-9465-eb0eb6eb9f55",
            "tags": {},
            "tenant_id": "69423c92-4ee1-423d-b653-368367288255",
            "timeouts": null
          },
          "sensitive_attributes": []
        }
      ]
    },
    {
      "mode": "managed",
      "type": "azuread_application",
      "name": "gh_actions",
      "provider": "provider[\"registry.terraform.io/hashicorp/azuread\"]",
      "instances": [
        {
          "schema_version": 1,
          "attributes": {
            "api": [
              {
                "known_client_applications": [],
                "mapped_claims_enabled": false,
                "oauth2_permission_scope": [],
                "requested_access_token_version": 1
              }
            ],
            "app_role": [],
            "app_role_ids": {},
            "application_id": "618bef2c-4b95-4c50-8af6-0be1bf6403d0",
            "description": "",
            "device_only_auth_enabled": false,
            "disabled_by_microsoft": "\u003cnil\u003e",
            "display_name": "testproj-77448",
            "fallback_public_client_enabled": false,
            "feature_tags": [
              {
                "custom_single_sign_on": false,
                "enterprise": false,
                "gallery": false,
                "hide": false
              }
            ],
            "group_membership_claims": [],
            "id": "9140844a-e3a0-48ac-a7bd-2d0764998c4d",
            "identifier_uris": [],
            "logo_image": "",
            "logo_url": "",
            "marketing_url": "",
            "notes": "",
            "oauth2_permission_scope_ids": {},
            "oauth2_post_response_required": false,
            "object_id": "9140844a-e3a0-48ac-a7bd-2d0764998c4d",
            "optional_claims": [
              {
                "access_token": [],
                "id_token": [],
                "saml2_token": []
              }
            ],
            "owners": [
              "1524371c-714a-4115-be0c-d0506f7fa5b9"
            ],
            "prevent_duplicate_names": false,
            "privacy_statement_url": "",
            "public_client": [
              {
                "redirect_uris": []
              }
            ],
            "publisher_domain": "mahmudkhaledgmail.onmicrosoft.com",
            "required_resource_access": [],
            "service_management_reference": "",
            "sign_in_audience": "AzureADMyOrg",
            "single_page_application": [
              {
                "redirect_uris": []
              }
            ],
            "support_url": "",
            "tags": [],
            "template_id": "",
            "terms_of_service_url": "",
            "timeouts": null,
            "web": [
              {
                "homepage_url": "",
                "implicit_grant": [
                  {
                    "access_token_issuance_enabled": false,
                    "id_token_issuance_enabled": false
                  }
                ],
                "logout_url": "",
                "redirect_uris": []
              }
            ]
          },
          "sensitive_attributes": [],
          "private": "eyJlMmJmYjczMC1lY2FhLTExZTYtOGY4OC0zNDM2M2JjN2M0YzAiOnsiY3JlYXRlIjo2MDAwMDAwMDAwMDAsImRlbGV0ZSI6MzAwMDAwMDAwMDAwLCJyZWFkIjozMDAwMDAwMDAwMDAsInVwZGF0ZSI6NjAwMDAwMDAwMDAwfSwic2NoZW1hX3ZlcnNpb24iOiIxIn0=",
          "dependencies": [
            "data.azuread_client_config.current",
            "random_integer.sa_num"
          ]
        }
      ]
    },
    {
      "mode": "managed",
      "type": "azuread_service_principal",
      "name": "gh_actions",
      "provider": "provider[\"registry.terraform.io/hashicorp/azuread\"]",
      "instances": [
        {
          "schema_version": 0,
          "attributes": {
            "account_enabled": true,
            "alternative_names": [],
            "app_role_assignment_required": false,
            "app_role_ids": {},
            "app_roles": [],
            "application_id": "618bef2c-4b95-4c50-8af6-0be1bf6403d0",
            "application_tenant_id": "69423c92-4ee1-423d-b653-368367288255",
            "description": "",
            "display_name": "testproj-77448",
            "feature_tags": [
              {
                "custom_single_sign_on": false,
                "enterprise": false,
                "gallery": false,
                "hide": false
              }
            ],
            "features": [
              {
                "custom_single_sign_on_app": false,
                "enterprise_application": false,
                "gallery_application": false,
                "visible_to_users": true
              }
            ],
            "homepage_url": "",
            "id": "b77001ba-fe12-423c-97a5-82aa9337f812",
            "login_url": "",
            "logout_url": "",
            "notes": "",
            "notification_email_addresses": [],
            "oauth2_permission_scope_ids": {},
            "oauth2_permission_scopes": [],
            "object_id": "b77001ba-fe12-423c-97a5-82aa9337f812",
            "owners": [
              "1524371c-714a-4115-be0c-d0506f7fa5b9"
            ],
            "preferred_single_sign_on_mode": "",
            "redirect_uris": [],
            "saml_metadata_url": "",
            "saml_single_sign_on": [
              {
                "relay_state": ""
              }
            ],
            "service_principal_names": [],
            "sign_in_audience": "AzureADMyOrg",
            "tags": [],
            "timeouts": null,
            "type": "Application",
            "use_existing": null
          },
          "sensitive_attributes": [],
          "private": "eyJlMmJmYjczMC1lY2FhLTExZTYtOGY4OC0zNDM2M2JjN2M0YzAiOnsiY3JlYXRlIjo2MDAwMDAwMDAwMDAsImRlbGV0ZSI6MzAwMDAwMDAwMDAwLCJyZWFkIjozMDAwMDAwMDAwMDAsInVwZGF0ZSI6NjAwMDAwMDAwMDAwfX0=",
          "dependencies": [
            "azuread_application.gh_actions",
            "data.azuread_client_config.current",
            "random_integer.sa_num"
          ]
        }
      ]
    },
    {
      "mode": "managed",
      "type": "azuread_service_principal_password",
      "name": "gh_actions",
      "provider": "provider[\"registry.terraform.io/hashicorp/azuread\"]",
      "instances": [
        {
          "schema_version": 1,
          "attributes": {
            "display_name": null,
            "end_date": "2025-05-29T13:24:19Z",
            "end_date_relative": null,
            "id": "b77001ba-fe12-423c-97a5-82aa9337f812/password/b2829f89-1ed2-4021-9de3-691710310144",
            "key_id": "b2829f89-1ed2-4021-9de3-691710310144",
            "rotate_when_changed": null,
            "service_principal_id": "b77001ba-fe12-423c-97a5-82aa9337f812",
            "start_date": "2023-05-29T13:24:19Z",
            "timeouts": null,
            "value": ".Ts8Q~Cy5JGGh.cp2sfu.yiBR2fzPnSFbR5L3cdk"
          },
          "sensitive_attributes": [],
          "private": "eyJlMmJmYjczMC1lY2FhLTExZTYtOGY4OC0zNDM2M2JjN2M0YzAiOnsiY3JlYXRlIjozMDAwMDAwMDAwMDAsImRlbGV0ZSI6MzAwMDAwMDAwMDAwLCJyZWFkIjozMDAwMDAwMDAwMDAsInVwZGF0ZSI6MzAwMDAwMDAwMDAwfSwic2NoZW1hX3ZlcnNpb24iOiIxIn0=",
          "dependencies": [
            "azuread_application.gh_actions",
            "azuread_service_principal.gh_actions",
            "data.azuread_client_config.current",
            "random_integer.sa_num"
          ]
        }
      ]
    },
    {
      "mode": "managed",
      "type": "azurerm_resource_group",
      "name": "setup",
      "provider": "provider[\"registry.terraform.io/hashicorp/azurerm\"]",
      "instances": [
        {
          "schema_version": 0,
          "attributes": {
            "id": "/subscriptions/50bc6626-cc4a-472c-9465-eb0eb6eb9f55/resourceGroups/testproj-77448",
            "location": "eastus",
            "name": "testproj-77448",
            "tags": {},
            "timeouts": null
          },
          "sensitive_attributes": [],
          "private": "eyJlMmJmYjczMC1lY2FhLTExZTYtOGY4OC0zNDM2M2JjN2M0YzAiOnsiY3JlYXRlIjo1NDAwMDAwMDAwMDAwLCJkZWxldGUiOjU0MDAwMDAwMDAwMDAsInJlYWQiOjMwMDAwMDAwMDAwMCwidXBkYXRlIjo1NDAwMDAwMDAwMDAwfX0=",
          "dependencies": [
            "random_integer.sa_num"
          ]
        }
      ]
    },
    {
      "mode": "managed",
      "type": "azurerm_role_assignment",
      "name": "gh_actions",
      "provider": "provider[\"registry.terraform.io/hashicorp/azurerm\"]",
      "instances": [
        {
          "schema_version": 0,
          "attributes": {
            "condition": "",
            "condition_version": "",
            "delegated_managed_identity_resource_id": "",
            "description": "",
            "id": "/subscriptions/50bc6626-cc4a-472c-9465-eb0eb6eb9f55/providers/Microsoft.Authorization/roleAssignments/1ef3ec59-57f6-7aed-e200-d8df88248688",
            "name": "1ef3ec59-57f6-7aed-e200-d8df88248688",
            "principal_id": "b77001ba-fe12-423c-97a5-82aa9337f812",
            "principal_type": "ServicePrincipal",
            "role_definition_id": "/subscriptions/50bc6626-cc4a-472c-9465-eb0eb6eb9f55/providers/Microsoft.Authorization/roleDefinitions/b24988ac-6180-42a0-ab88-20f7382dd24c",
            "role_definition_name": "Contributor",
            "scope": "/subscriptions/50bc6626-cc4a-472c-9465-eb0eb6eb9f55",
            "skip_service_principal_aad_check": null,
            "timeouts": null
          },
          "sensitive_attributes": [],
          "private": "eyJlMmJmYjczMC1lY2FhLTExZTYtOGY4OC0zNDM2M2JjN2M0YzAiOnsiY3JlYXRlIjoxODAwMDAwMDAwMDAwLCJkZWxldGUiOjE4MDAwMDAwMDAwMDAsInJlYWQiOjMwMDAwMDAwMDAwMCwidXBkYXRlIjoxODAwMDAwMDAwMDAwfX0=",
          "dependencies": [
            "azuread_application.gh_actions",
            "azuread_service_principal.gh_actions",
            "data.azuread_client_config.current",
            "data.azurerm_subscription.current",
            "random_integer.sa_num"
          ]
        }
      ]
    },
    {
      "mode": "managed",
      "type": "azurerm_storage_account",
      "name": "sa",
      "provider": "provider[\"registry.terraform.io/hashicorp/azurerm\"]",
      "instances": [
        {
          "schema_version": 2,
          "attributes": {
            "access_tier": "Hot",
            "account_kind": "StorageV2",
            "account_replication_type": "LRS",
            "account_tier": "Standard",
            "allow_blob_public_access": false,
            "azure_files_authentication": [],
            "blob_properties": [
              {
                "change_feed_enabled": false,
                "container_delete_retention_policy": [],
                "cors_rule": [],
                "default_service_version": "",
                "delete_retention_policy": [],
                "last_access_time_enabled": false,
                "versioning_enabled": false
              }
            ],
            "custom_domain": [],
            "customer_managed_key": [],
            "enable_https_traffic_only": true,
            "id": "/subscriptions/50bc6626-cc4a-472c-9465-eb0eb6eb9f55/resourceGroups/testproj-77448/providers/Microsoft.Storage/storageAccounts/testproj77448",
            "identity": [],
            "infrastructure_encryption_enabled": false,
            "is_hns_enabled": false,
            "large_file_share_enabled": null,
            "location": "eastus",
            "min_tls_version": "TLS1_0",
            "name": "testproj77448",
            "network_rules": [
              {
                "bypass": [
                  "AzureServices"
                ],
                "default_action": "Allow",
                "ip_rules": [],
                "private_link_access": [],
                "virtual_network_subnet_ids": []
              }
            ],
            "nfsv3_enabled": false,
            "primary_access_key": "orXceGBxYi84OEAx0TJkLhWi1fIay4sjZdQUb/YrdoWCqYwlnKvjXanpaDEDcBkQS+PKACpzptNK+AStwhIqsw==",
            "primary_blob_connection_string": "DefaultEndpointsProtocol=https;BlobEndpoint=https://testproj77448.blob.core.windows.net/;AccountName=testproj77448;AccountKey=orXceGBxYi84OEAx0TJkLhWi1fIay4sjZdQUb/YrdoWCqYwlnKvjXanpaDEDcBkQS+PKACpzptNK+AStwhIqsw==",
            "primary_blob_endpoint": "https://testproj77448.blob.core.windows.net/",
            "primary_blob_host": "testproj77448.blob.core.windows.net",
            "primary_connection_string": "DefaultEndpointsProtocol=https;AccountName=testproj77448;AccountKey=orXceGBxYi84OEAx0TJkLhWi1fIay4sjZdQUb/YrdoWCqYwlnKvjXanpaDEDcBkQS+PKACpzptNK+AStwhIqsw==;EndpointSuffix=core.windows.net",
            "primary_dfs_endpoint": "https://testproj77448.dfs.core.windows.net/",
            "primary_dfs_host": "testproj77448.dfs.core.windows.net",
            "primary_file_endpoint": "https://testproj77448.file.core.windows.net/",
            "primary_file_host": "testproj77448.file.core.windows.net",
            "primary_location": "eastus",
            "primary_queue_endpoint": "https://testproj77448.queue.core.windows.net/",
            "primary_queue_host": "testproj77448.queue.core.windows.net",
            "primary_table_endpoint": "https://testproj77448.table.core.windows.net/",
            "primary_table_host": "testproj77448.table.core.windows.net",
            "primary_web_endpoint": "https://testproj77448.z13.web.core.windows.net/",
            "primary_web_host": "testproj77448.z13.web.core.windows.net",
            "queue_encryption_key_type": "Service",
            "queue_properties": [
              {
                "cors_rule": [],
                "hour_metrics": [
                  {
                    "enabled": true,
                    "include_apis": true,
                    "retention_policy_days": 7,
                    "version": "1.0"
                  }
                ],
                "logging": [
                  {
                    "delete": false,
                    "read": false,
                    "retention_policy_days": 0,
                    "version": "1.0",
                    "write": false
                  }
                ],
                "minute_metrics": [
                  {
                    "enabled": false,
                    "include_apis": false,
                    "retention_policy_days": 0,
                    "version": "1.0"
                  }
                ]
              }
            ],
            "resource_group_name": "testproj-77448",
            "routing": [],
            "secondary_access_key": "dbMnVqgsvzfD0nLuAhs0dJpA4rbxShHfpQ1kqFytiDKeCAEJjYw79INXPHxXSE5sWOarhZstJfbR+ASt7w9Ncw==",
            "secondary_blob_connection_string": "",
            "secondary_blob_endpoint": null,
            "secondary_blob_host": null,
            "secondary_connection_string": "DefaultEndpointsProtocol=https;AccountName=testproj77448;AccountKey=dbMnVqgsvzfD0nLuAhs0dJpA4rbxShHfpQ1kqFytiDKeCAEJjYw79INXPHxXSE5sWOarhZstJfbR+ASt7w9Ncw==;EndpointSuffix=core.windows.net",
            "secondary_dfs_endpoint": null,
            "secondary_dfs_host": null,
            "secondary_file_endpoint": null,
            "secondary_file_host": null,
            "secondary_location": "",
            "secondary_queue_endpoint": null,
            "secondary_queue_host": null,
            "secondary_table_endpoint": null,
            "secondary_table_host": null,
            "secondary_web_endpoint": null,
            "secondary_web_host": null,
            "share_properties": [
              {
                "cors_rule": [],
                "retention_policy": [
                  {
                    "days": 7
                  }
                ],
                "smb": []
              }
            ],
            "shared_access_key_enabled": true,
            "static_website": [],
            "table_encryption_key_type": "Service",
            "tags": {},
            "timeouts": null
          },
          "sensitive_attributes": [],
          "private": "eyJlMmJmYjczMC1lY2FhLTExZTYtOGY4OC0zNDM2M2JjN2M0YzAiOnsiY3JlYXRlIjozNjAwMDAwMDAwMDAwLCJkZWxldGUiOjM2MDAwMDAwMDAwMDAsInJlYWQiOjMwMDAwMDAwMDAwMCwidXBkYXRlIjozNjAwMDAwMDAwMDAwfSwic2NoZW1hX3ZlcnNpb24iOiIyIn0=",
          "dependencies": [
            "azurerm_resource_group.setup",
            "random_integer.sa_num"
          ]
        }
      ]
    },
    {
      "mode": "managed",
      "type": "azurerm_storage_container",
      "name": "ct",
      "provider": "provider[\"registry.terraform.io/hashicorp/azurerm\"]",
      "instances": [
        {
          "schema_version": 1,
          "attributes": {
            "container_access_type": "private",
            "has_immutability_policy": false,
            "has_legal_hold": false,
            "id": "https://testproj77448.blob.core.windows.net/terraform-state",
            "metadata": {},
            "name": "terraform-state",
            "resource_manager_id": "/subscriptions/50bc6626-cc4a-472c-9465-eb0eb6eb9f55/resourceGroups/testproj-77448/providers/Microsoft.Storage/storageAccounts/testproj77448/blobServices/default/containers/terraform-state",
            "storage_account_name": "testproj77448",
            "timeouts": null
          },
          "sensitive_attributes": [],
          "private": "eyJlMmJmYjczMC1lY2FhLTExZTYtOGY4OC0zNDM2M2JjN2M0YzAiOnsiY3JlYXRlIjoxODAwMDAwMDAwMDAwLCJkZWxldGUiOjE4MDAwMDAwMDAwMDAsInJlYWQiOjMwMDAwMDAwMDAwMCwidXBkYXRlIjoxODAwMDAwMDAwMDAwfSwic2NoZW1hX3ZlcnNpb24iOiIxIn0=",
          "dependencies": [
            "azurerm_resource_group.setup",
            "azurerm_storage_account.sa",
            "random_integer.sa_num"
          ]
        }
      ]
    },
    {
      "mode": "managed",
      "type": "github_actions_secret",
      "name": "actions_secret",
      "provider": "provider[\"registry.terraform.io/integrations/github\"]",
      "instances": [
        {
          "index_key": "ARM_CLIENT_ID",
          "schema_version": 0,
          "attributes": {
            "created_at": "2023-05-29 13:47:51 +0000 UTC",
            "encrypted_value": "",
            "id": "testproj:ARM_CLIENT_ID",
            "plaintext_value": "618bef2c-4b95-4c50-8af6-0be1bf6403d0",
            "repository": "testproj",
            "secret_name": "ARM_CLIENT_ID",
            "updated_at": "2023-05-29 13:47:51 +0000 UTC"
          },
          "sensitive_attributes": [],
          "private": "bnVsbA==",
          "dependencies": [
            "azuread_service_principal.gh_actions",
            "azuread_service_principal_password.gh_actions",
            "azurerm_storage_account.sa",
            "azurerm_storage_container.ct",
            "data.azuread_client_config.current",
            "data.azurerm_subscription.current"
          ]
        },
        {
          "index_key": "ARM_CLIENT_SECRET",
          "schema_version": 0,
          "attributes": {
            "created_at": "2023-05-29 13:47:46 +0000 UTC",
            "encrypted_value": "",
            "id": "testproj:ARM_CLIENT_SECRET",
            "plaintext_value": ".Ts8Q~Cy5JGGh.cp2sfu.yiBR2fzPnSFbR5L3cdk",
            "repository": "testproj",
            "secret_name": "ARM_CLIENT_SECRET",
            "updated_at": "2023-05-29 13:47:46 +0000 UTC"
          },
          "sensitive_attributes": [
            [
              {
                "type": "get_attr",
                "value": "plaintext_value"
              }
            ]
          ],
          "private": "bnVsbA==",
          "dependencies": [
            "azuread_service_principal.gh_actions",
            "azuread_service_principal_password.gh_actions",
            "azurerm_storage_account.sa",
            "azurerm_storage_container.ct",
            "data.azuread_client_config.current",
            "data.azurerm_subscription.current"
          ]
        },
        {
          "index_key": "ARM_SUBSCRIPTION_ID",
          "schema_version": 0,
          "attributes": {
            "created_at": "2023-05-29 13:47:50 +0000 UTC",
            "encrypted_value": "",
            "id": "testproj:ARM_SUBSCRIPTION_ID",
            "plaintext_value": "50bc6626-cc4a-472c-9465-eb0eb6eb9f55",
            "repository": "testproj",
            "secret_name": "ARM_SUBSCRIPTION_ID",
            "updated_at": "2023-05-29 13:47:50 +0000 UTC"
          },
          "sensitive_attributes": [],
          "private": "bnVsbA==",
          "dependencies": [
            "azuread_service_principal.gh_actions",
            "azuread_service_principal_password.gh_actions",
            "azurerm_storage_account.sa",
            "azurerm_storage_container.ct",
            "data.azuread_client_config.current",
            "data.azurerm_subscription.current"
          ]
        },
        {
          "index_key": "ARM_TENANT_ID",
          "schema_version": 0,
          "attributes": {
            "created_at": "2023-05-29 13:47:49 +0000 UTC",
            "encrypted_value": "",
            "id": "testproj:ARM_TENANT_ID",
            "plaintext_value": "69423c92-4ee1-423d-b653-368367288255",
            "repository": "testproj",
            "secret_name": "ARM_TENANT_ID",
            "updated_at": "2023-05-29 13:47:49 +0000 UTC"
          },
          "sensitive_attributes": [],
          "private": "bnVsbA==",
          "dependencies": [
            "azuread_service_principal.gh_actions",
            "azuread_service_principal_password.gh_actions",
            "azurerm_storage_account.sa",
            "azurerm_storage_container.ct",
            "data.azuread_client_config.current",
            "data.azurerm_subscription.current"
          ]
        },
        {
          "index_key": "CONTAINER_NAME",
          "schema_version": 0,
          "attributes": {
            "created_at": "2023-05-29 13:47:43 +0000 UTC",
            "encrypted_value": "",
            "id": "testproj:CONTAINER_NAME",
            "plaintext_value": "terraform-state",
            "repository": "testproj",
            "secret_name": "CONTAINER_NAME",
            "updated_at": "2023-05-29 13:47:43 +0000 UTC"
          },
          "sensitive_attributes": [],
          "private": "bnVsbA==",
          "dependencies": [
            "azuread_service_principal.gh_actions",
            "azuread_service_principal_password.gh_actions",
            "azurerm_storage_account.sa",
            "azurerm_storage_container.ct",
            "data.azuread_client_config.current",
            "data.azurerm_subscription.current"
          ]
        },
        {
          "index_key": "RESOURCE_GROUP",
          "schema_version": 0,
          "attributes": {
            "created_at": "2023-05-29 13:47:47 +0000 UTC",
            "encrypted_value": "",
            "id": "testproj:RESOURCE_GROUP",
            "plaintext_value": "testproj-77448",
            "repository": "testproj",
            "secret_name": "RESOURCE_GROUP",
            "updated_at": "2023-05-29 13:47:47 +0000 UTC"
          },
          "sensitive_attributes": [],
          "private": "bnVsbA==",
          "dependencies": [
            "azuread_service_principal.gh_actions",
            "azuread_service_principal_password.gh_actions",
            "azurerm_storage_account.sa",
            "azurerm_storage_container.ct",
            "data.azuread_client_config.current",
            "data.azurerm_subscription.current"
          ]
        },
        {
          "index_key": "STORAGE_ACCOUNT",
          "schema_version": 0,
          "attributes": {
            "created_at": "2023-05-29 13:47:45 +0000 UTC",
            "encrypted_value": "",
            "id": "testproj:STORAGE_ACCOUNT",
            "plaintext_value": "testproj77448",
            "repository": "testproj",
            "secret_name": "STORAGE_ACCOUNT",
            "updated_at": "2023-05-29 13:47:45 +0000 UTC"
          },
          "sensitive_attributes": [],
          "private": "bnVsbA==",
          "dependencies": [
            "azuread_service_principal.gh_actions",
            "azuread_service_principal_password.gh_actions",
            "azurerm_storage_account.sa",
            "azurerm_storage_container.ct",
            "data.azuread_client_config.current",
            "data.azurerm_subscription.current"
          ]
        }
      ]
    },
    {
      "mode": "managed",
      "type": "random_integer",
      "name": "sa_num",
      "provider": "provider[\"registry.terraform.io/hashicorp/random\"]",
      "instances": [
        {
          "schema_version": 0,
          "attributes": {
            "id": "77448",
            "keepers": null,
            "max": 99999,
            "min": 10000,
            "result": 77448,
            "seed": null
          },
          "sensitive_attributes": []
        }
      ]
    }
  ],
  "check_results": null
}
